<?xml version="1.0" encoding="utf-8"?>
<Project ToolsVersion="4.0" xmlns="http://schemas.microsoft.com/developer/msbuild/2003">
  <ItemGroup>
    <Filter Include="Source Files">
      <UniqueIdentifier>{4FC737F1-C7A5-4376-A066-2A32D752A2FF}</UniqueIdentifier>
      <Extensions>cpp;c;cc;cxx;def;odl;idl;hpj;bat;asm;asmx</Extensions>
    </Filter>
    <Filter Include="Source Files\MyGraph">
      <UniqueIdentifier>{6f2bf174-19dd-4b24-8577-9638d246f0f8}</UniqueIdentifier>
    </Filter>
    <Filter Include="Header Files">
      <UniqueIdentifier>{93995380-89BD-4b04-88EB-625FBE52EBFB}</UniqueIdentifier>
      <Extensions>h;hpp;hxx;hm;inl;inc;xsd</Extensions>
    </Filter>
    <Filter Include="Header Files\MyGraph">
      <UniqueIdentifier>{5145283c-481f-4f82-9af2-07d7bd3ea078}</UniqueIdentifier>
    </Filter>
    <Filter Include="Resource Files">
      <UniqueIdentifier>{67DA6AB6-F800-4c08-8B7A-83BB121AAD01}</UniqueIdentifier>
      <Extensions>rc;ico;cur;bmp;dlg;rc2;rct;bin;rgs;gif;jpg;jpeg;jpe;resx;tiff;tif;png;wav</Extensions>
    </Filter>
  </ItemGroup>
  <ItemGroup>
    <ClCompile Include="CT_draw.cpp">
      <Filter>Source Files</Filter>
    </ClCompile>
    <ClCompile Include="Iso.cpp">
      <Filter>Source Files</Filter>
    </ClCompile>
    <ClCompile Include="main.cpp">
      <Filter>Source Files</Filter>
    </ClCompile>
    <ClCompile Include="SimText.cpp">
      <Filter>Source Files</Filter>
    </ClCompile>
    <ClCompile Include="SimText3D.cpp">
      <Filter>Source Files</Filter>
    </ClCompile>
    <ClCompile Include="MyGraph\Camera.cpp">
      <Filter>Source Files\MyGraph</Filter>
    </ClCompile>
    <ClCompile Include="MyGraph\CS3.cpp">
      <Filter>Source Files\MyGraph</Filter>
    </ClCompile>
    <ClCompile Include="MyGraph\Draw.cpp">
      <Filter>Source Files\MyGraph</Filter>
    </ClCompile>
    <ClCompile Include="MyGraph\Draw2D.cpp">
      <Filter>Source Files\MyGraph</Filter>
    </ClCompile>
    <ClCompile Include="MyGraph\ivec2.cpp">
      <Filter>Source Files\MyGraph</Filter>
    </ClCompile>
    <ClCompile Include="MyGraph\ivec3.cpp">
      <Filter>Source Files\MyGraph</Filter>
    </ClCompile>
    <ClCompile Include="MyGraph\mat34.cpp">
      <Filter>Source Files\MyGraph</Filter>
    </ClCompile>
    <ClCompile Include="MyGraph\Mouse.cpp">
      <Filter>Source Files\MyGraph</Filter>
    </ClCompile>
    <ClCompile Include="MyGraph\output.cpp">
      <Filter>Source Files\MyGraph</Filter>
    </ClCompile>
    <ClCompile Include="MyGraph\Shader.cpp">
      <Filter>Source Files\MyGraph</Filter>
    </ClCompile>
    <ClCompile Include="MyGraph\str.cpp">
      <Filter>Source Files\MyGraph</Filter>
    </ClCompile>
    <ClCompile Include="MyGraph\vec2.cpp">
      <Filter>Source Files\MyGraph</Filter>
    </ClCompile>
    <ClCompile Include="MyGraph\vec3.cpp">
      <Filter>Source Files\MyGraph</Filter>
    </ClCompile>
    <ClCompile Include="MyGraph\vec4.cpp">
      <Filter>Source Files\MyGraph</Filter>
    </ClCompile>
  </ItemGroup>
  <ItemGroup>
    <ClInclude Include="Iso.h">
      <Filter>Header Files</Filter>
    </ClInclude>
    <ClInclude Include="SimText.h">
      <Filter>Header Files</Filter>
    </ClInclude>
    <ClInclude Include="SimText3D.h">
      <Filter>Header Files</Filter>
    </ClInclude>
    <ClInclude Include="MyGraph\AllDef.h">
      <Filter>Header Files\MyGraph</Filter>
    </ClInclude>
    <ClInclude Include="MyGraph\AllInc.h">
      <Filter>Header Files\MyGraph</Filter>
    </ClInclude>
    <ClInclude Include="MyGraph\Camera.h">
      <Filter>Header Files\MyGraph</Filter>
    </ClInclude>
    <ClInclude Include="MyGraph\CS3.h">
      <Filter>Header Files\MyGraph</Filter>
    </ClInclude>
    <ClInclude Include="MyGraph\Draw.h">
      <Filter>Header Files\MyGraph</Filter>
    </ClInclude>
    <ClInclude Include="MyGraph\Draw2D.h">
      <Filter>Header Files\MyGraph</Filter>
    </ClInclude>
    <ClInclude Include="MyGraph\ivec2.h">
      <Filter>Header Files\MyGraph</Filter>
    </ClInclude>
    <ClInclude Include="MyGraph\ivec3.h">
      <Filter>Header Files\MyGraph</Filter>
    </ClInclude>
    <ClInclude Include="MyGraph\mat34.h">
      <Filter>Header Files\MyGraph</Filter>
    </ClInclude>
    <ClInclude Include="MyGraph\Mouse.h">
      <Filter>Header Files\MyGraph</Filter>
    </ClInclude>
    <ClInclude Include="MyGraph\output.h">
      <Filter>Header Files\MyGraph</Filter>
    </ClInclude>
    <ClInclude Include="MyGraph\Shader.h">
      <Filter>Header Files\MyGraph</Filter>
    </ClInclude>
    <ClInclude Include="MyGraph\str.h">
      <Filter>Header Files\MyGraph</Filter>
    </ClInclude>
    <ClInclude Include="MyGraph\vec.h">
      <Filter>Header Files\MyGraph</Filter>
    </ClInclude>
    <ClInclude Include="MyGraph\vec2.h">
      <Filter>Header Files\MyGraph</Filter>
    </ClInclude>
    <ClInclude Include="MyGraph\vec3.h">
      <Filter>Header Files\MyGraph</Filter>
    </ClInclude>
    <ClInclude Include="MyGraph\vec4.h">
      <Filter>Header Files\MyGraph</Filter>
    </ClInclude>
  </ItemGroup>
</Project>